// !$*UTF8*$!
{
	archiveVersion = 1;
	classes = {
	};
	objectVersion = 46;
	objects = {

/* Begin PBXBuildFile section */
		D415662A1DC75861009EEC3D /* AppDelegate.swift in Sources */ = {isa = PBXBuildFile; fileRef = D41566291DC75861009EEC3D /* AppDelegate.swift */; };
		D415662C1DC75861009EEC3D /* CompanyDetailViewController.swift in Sources */ = {isa = PBXBuildFile; fileRef = D415662B1DC75861009EEC3D /* CompanyDetailViewController.swift */; };
		D41566311DC75861009EEC3D /* Main.storyboard in Resources */ = {isa = PBXBuildFile; fileRef = D415662F1DC75861009EEC3D /* Main.storyboard */; };
		D41566331DC75861009EEC3D /* Assets.xcassets in Resources */ = {isa = PBXBuildFile; fileRef = D41566321DC75861009EEC3D /* Assets.xcassets */; };
		D41566361DC75861009EEC3D /* LaunchScreen.storyboard in Resources */ = {isa = PBXBuildFile; fileRef = D41566341DC75861009EEC3D /* LaunchScreen.storyboard */; };
		D41566411DC75861009EEC3D /* StoryboardRefDemoTests.swift in Sources */ = {isa = PBXBuildFile; fileRef = D41566401DC75861009EEC3D /* StoryboardRefDemoTests.swift */; };
		D415664C1DC75861009EEC3D /* StoryboardRefDemoUITests.swift in Sources */ = {isa = PBXBuildFile; fileRef = D415664B1DC75861009EEC3D /* StoryboardRefDemoUITests.swift */; };
		D415665A1DC75D15009EEC3D /* Fakery.framework in Frameworks */ = {isa = PBXBuildFile; fileRef = D41566591DC75D15009EEC3D /* Fakery.framework */; };
		D415665B1DC75D15009EEC3D /* Fakery.framework in Embed Frameworks */ = {isa = PBXBuildFile; fileRef = D41566591DC75D15009EEC3D /* Fakery.framework */; settings = {ATTRIBUTES = (CodeSignOnCopy, RemoveHeadersOnCopy, ); }; };
		D415665F1DC75D48009EEC3D /* Fakery.framework.dSYM in CopyFiles */ = {isa = PBXBuildFile; fileRef = D415665E1DC75D48009EEC3D /* Fakery.framework.dSYM */; };
		D41566681DC76319009EEC3D /* CompaniesListViewController.swift in Sources */ = {isa = PBXBuildFile; fileRef = D41566671DC76319009EEC3D /* CompaniesListViewController.swift */; };
		D415666A1DC7698A009EEC3D /* Company.swift in Sources */ = {isa = PBXBuildFile; fileRef = D41566691DC7698A009EEC3D /* Company.swift */; };
		D415666F1DC76E50009EEC3D /* CompanyListCell.swift in Sources */ = {isa = PBXBuildFile; fileRef = D415666D1DC76E50009EEC3D /* CompanyListCell.swift */; };
		D41566701DC76E50009EEC3D /* CompanyListCell.xib in Resources */ = {isa = PBXBuildFile; fileRef = D415666E1DC76E50009EEC3D /* CompanyListCell.xib */; };
		D41566731DC772B9009EEC3D /* UIImageView.swift in Sources */ = {isa = PBXBuildFile; fileRef = D41566721DC772B9009EEC3D /* UIImageView.swift */; };
		D41566751DC77BFE009EEC3D /* CompaniesViewModel.swift in Sources */ = {isa = PBXBuildFile; fileRef = D41566741DC77BFE009EEC3D /* CompaniesViewModel.swift */; };
		D41566771DC77C6E009EEC3D /* PartnersViewModel.swift in Sources */ = {isa = PBXBuildFile; fileRef = D41566761DC77C6E009EEC3D /* PartnersViewModel.swift */; };
		D41566791DC77D2F009EEC3D /* ClientsViewModel.swift in Sources */ = {isa = PBXBuildFile; fileRef = D41566781DC77D2F009EEC3D /* ClientsViewModel.swift */; };
		D415667B1DC77E0E009EEC3D /* PartnersListViewController.swift in Sources */ = {isa = PBXBuildFile; fileRef = D415667A1DC77E0E009EEC3D /* PartnersListViewController.swift */; };
		D415667D1DC77F28009EEC3D /* ClientsListViewController.swift in Sources */ = {isa = PBXBuildFile; fileRef = D415667C1DC77F28009EEC3D /* ClientsListViewController.swift */; };
		D415667F1DC78F2A009EEC3D /* Collection.storyboard in Resources */ = {isa = PBXBuildFile; fileRef = D415667E1DC78F2A009EEC3D /* Collection.storyboard */; };
		D41566811DC79090009EEC3D /* CompanyCollectionCell.swift in Sources */ = {isa = PBXBuildFile; fileRef = D41566801DC79090009EEC3D /* CompanyCollectionCell.swift */; };
		D41566831DCA7D58009EEC3D /* CollectionsTabBarController.swift in Sources */ = {isa = PBXBuildFile; fileRef = D41566821DCA7D58009EEC3D /* CollectionsTabBarController.swift */; };
		D41566851DCA7D9C009EEC3D /* CompaniesCollectionController.swift in Sources */ = {isa = PBXBuildFile; fileRef = D41566841DCA7D9C009EEC3D /* CompaniesCollectionController.swift */; };
		D42DDBF91DCB69A8004AFE69 /* StoryboardRefDemoKit.framework in Frameworks */ = {isa = PBXBuildFile; fileRef = D42DDBF81DCB69A8004AFE69 /* StoryboardRefDemoKit.framework */; };
		D42DDBFA1DCB69A8004AFE69 /* StoryboardRefDemoKit.framework in Embed Frameworks */ = {isa = PBXBuildFile; fileRef = D42DDBF81DCB69A8004AFE69 /* StoryboardRefDemoKit.framework */; settings = {ATTRIBUTES = (CodeSignOnCopy, RemoveHeadersOnCopy, ); }; };
		D42DDBFC1DCB69BC004AFE69 /* StoryboardRefDemoKit.framework.dSYM in Resources */ = {isa = PBXBuildFile; fileRef = D42DDBFB1DCB69BC004AFE69 /* StoryboardRefDemoKit.framework.dSYM */; };
		D42DDBFD1DCB69CB004AFE69 /* StoryboardRefDemoKit.framework.dSYM in CopyFiles */ = {isa = PBXBuildFile; fileRef = D42DDBFB1DCB69BC004AFE69 /* StoryboardRefDemoKit.framework.dSYM */; };
		D42DDC061DCB7093004AFE69 /* KitTabBarController.swift in Sources */ = {isa = PBXBuildFile; fileRef = D42DDC051DCB7093004AFE69 /* KitTabBarController.swift */; };
/* End PBXBuildFile section */

/* Begin PBXContainerItemProxy section */
		D415663D1DC75861009EEC3D /* PBXContainerItemProxy */ = {
			isa = PBXContainerItemProxy;
			containerPortal = D415661E1DC75861009EEC3D /* Project object */;
			proxyType = 1;
			remoteGlobalIDString = D41566251DC75861009EEC3D;
			remoteInfo = StoryboardRefDemo;
		};
		D41566481DC75861009EEC3D /* PBXContainerItemProxy */ = {
			isa = PBXContainerItemProxy;
			containerPortal = D415661E1DC75861009EEC3D /* Project object */;
			proxyType = 1;
			remoteGlobalIDString = D41566251DC75861009EEC3D;
			remoteInfo = StoryboardRefDemo;
		};
/* End PBXContainerItemProxy section */

/* Begin PBXCopyFilesBuildPhase section */
		D415665C1DC75D15009EEC3D /* Embed Frameworks */ = {
			isa = PBXCopyFilesBuildPhase;
			buildActionMask = 2147483647;
			dstPath = "";
			dstSubfolderSpec = 10;
			files = (
				D415665B1DC75D15009EEC3D /* Fakery.framework in Embed Frameworks */,
				D42DDBFA1DCB69A8004AFE69 /* StoryboardRefDemoKit.framework in Embed Frameworks */,
			);
			name = "Embed Frameworks";
			runOnlyForDeploymentPostprocessing = 0;
		};
		D415665D1DC75D29009EEC3D /* CopyFiles */ = {
			isa = PBXCopyFilesBuildPhase;
			buildActionMask = 2147483647;
			dstPath = "";
			dstSubfolderSpec = 16;
			files = (
				D42DDBFD1DCB69CB004AFE69 /* StoryboardRefDemoKit.framework.dSYM in CopyFiles */,
				D415665F1DC75D48009EEC3D /* Fakery.framework.dSYM in CopyFiles */,
			);
			runOnlyForDeploymentPostprocessing = 0;
		};
/* End PBXCopyFilesBuildPhase section */

/* Begin PBXFileReference section */
		D41566261DC75861009EEC3D /* StoryboardRefDemo.app */ = {isa = PBXFileReference; explicitFileType = wrapper.application; includeInIndex = 0; path = StoryboardRefDemo.app; sourceTree = BUILT_PRODUCTS_DIR; };
		D41566291DC75861009EEC3D /* AppDelegate.swift */ = {isa = PBXFileReference; lastKnownFileType = sourcecode.swift; path = AppDelegate.swift; sourceTree = "<group>"; };
		D415662B1DC75861009EEC3D /* CompanyDetailViewController.swift */ = {isa = PBXFileReference; lastKnownFileType = sourcecode.swift; path = CompanyDetailViewController.swift; sourceTree = "<group>"; };
		D41566301DC75861009EEC3D /* Base */ = {isa = PBXFileReference; lastKnownFileType = file.storyboard; name = Base; path = Base.lproj/Main.storyboard; sourceTree = "<group>"; };
		D41566321DC75861009EEC3D /* Assets.xcassets */ = {isa = PBXFileReference; lastKnownFileType = folder.assetcatalog; path = Assets.xcassets; sourceTree = "<group>"; };
		D41566351DC75861009EEC3D /* Base */ = {isa = PBXFileReference; lastKnownFileType = file.storyboard; name = Base; path = Base.lproj/LaunchScreen.storyboard; sourceTree = "<group>"; };
		D41566371DC75861009EEC3D /* Info.plist */ = {isa = PBXFileReference; lastKnownFileType = text.plist.xml; path = Info.plist; sourceTree = "<group>"; };
		D415663C1DC75861009EEC3D /* StoryboardRefDemoTests.xctest */ = {isa = PBXFileReference; explicitFileType = wrapper.cfbundle; includeInIndex = 0; path = StoryboardRefDemoTests.xctest; sourceTree = BUILT_PRODUCTS_DIR; };
		D41566401DC75861009EEC3D /* StoryboardRefDemoTests.swift */ = {isa = PBXFileReference; lastKnownFileType = sourcecode.swift; path = StoryboardRefDemoTests.swift; sourceTree = "<group>"; };
		D41566421DC75861009EEC3D /* Info.plist */ = {isa = PBXFileReference; lastKnownFileType = text.plist.xml; path = Info.plist; sourceTree = "<group>"; };
		D41566471DC75861009EEC3D /* StoryboardRefDemoUITests.xctest */ = {isa = PBXFileReference; explicitFileType = wrapper.cfbundle; includeInIndex = 0; path = StoryboardRefDemoUITests.xctest; sourceTree = BUILT_PRODUCTS_DIR; };
		D415664B1DC75861009EEC3D /* StoryboardRefDemoUITests.swift */ = {isa = PBXFileReference; lastKnownFileType = sourcecode.swift; path = StoryboardRefDemoUITests.swift; sourceTree = "<group>"; };
		D415664D1DC75861009EEC3D /* Info.plist */ = {isa = PBXFileReference; lastKnownFileType = text.plist.xml; path = Info.plist; sourceTree = "<group>"; };
		D41566591DC75D15009EEC3D /* Fakery.framework */ = {isa = PBXFileReference; lastKnownFileType = wrapper.framework; name = Fakery.framework; path = Carthage/Build/iOS/Fakery.framework; sourceTree = "<group>"; };
		D415665E1DC75D48009EEC3D /* Fakery.framework.dSYM */ = {isa = PBXFileReference; lastKnownFileType = wrapper.dsym; name = Fakery.framework.dSYM; path = Carthage/Build/iOS/Fakery.framework.dSYM; sourceTree = "<group>"; };
		D41566671DC76319009EEC3D /* CompaniesListViewController.swift */ = {isa = PBXFileReference; fileEncoding = 4; lastKnownFileType = sourcecode.swift; path = CompaniesListViewController.swift; sourceTree = "<group>"; };
		D41566691DC7698A009EEC3D /* Company.swift */ = {isa = PBXFileReference; fileEncoding = 4; lastKnownFileType = sourcecode.swift; path = Company.swift; sourceTree = "<group>"; };
		D415666D1DC76E50009EEC3D /* CompanyListCell.swift */ = {isa = PBXFileReference; fileEncoding = 4; lastKnownFileType = sourcecode.swift; path = CompanyListCell.swift; sourceTree = "<group>"; };
		D415666E1DC76E50009EEC3D /* CompanyListCell.xib */ = {isa = PBXFileReference; fileEncoding = 4; lastKnownFileType = file.xib; path = CompanyListCell.xib; sourceTree = "<group>"; };
		D41566721DC772B9009EEC3D /* UIImageView.swift */ = {isa = PBXFileReference; fileEncoding = 4; lastKnownFileType = sourcecode.swift; path = UIImageView.swift; sourceTree = "<group>"; };
		D41566741DC77BFE009EEC3D /* CompaniesViewModel.swift */ = {isa = PBXFileReference; fileEncoding = 4; lastKnownFileType = sourcecode.swift; path = CompaniesViewModel.swift; sourceTree = "<group>"; };
		D41566761DC77C6E009EEC3D /* PartnersViewModel.swift */ = {isa = PBXFileReference; fileEncoding = 4; lastKnownFileType = sourcecode.swift; path = PartnersViewModel.swift; sourceTree = "<group>"; };
		D41566781DC77D2F009EEC3D /* ClientsViewModel.swift */ = {isa = PBXFileReference; fileEncoding = 4; lastKnownFileType = sourcecode.swift; path = ClientsViewModel.swift; sourceTree = "<group>"; };
		D415667A1DC77E0E009EEC3D /* PartnersListViewController.swift */ = {isa = PBXFileReference; fileEncoding = 4; lastKnownFileType = sourcecode.swift; path = PartnersListViewController.swift; sourceTree = "<group>"; };
		D415667C1DC77F28009EEC3D /* ClientsListViewController.swift */ = {isa = PBXFileReference; fileEncoding = 4; lastKnownFileType = sourcecode.swift; path = ClientsListViewController.swift; sourceTree = "<group>"; };
		D415667E1DC78F2A009EEC3D /* Collection.storyboard */ = {isa = PBXFileReference; fileEncoding = 4; lastKnownFileType = file.storyboard; path = Collection.storyboard; sourceTree = "<group>"; };
		D41566801DC79090009EEC3D /* CompanyCollectionCell.swift */ = {isa = PBXFileReference; fileEncoding = 4; lastKnownFileType = sourcecode.swift; path = CompanyCollectionCell.swift; sourceTree = "<group>"; };
		D41566821DCA7D58009EEC3D /* CollectionsTabBarController.swift */ = {isa = PBXFileReference; fileEncoding = 4; lastKnownFileType = sourcecode.swift; path = CollectionsTabBarController.swift; sourceTree = "<group>"; };
		D41566841DCA7D9C009EEC3D /* CompaniesCollectionController.swift */ = {isa = PBXFileReference; fileEncoding = 4; lastKnownFileType = sourcecode.swift; path = CompaniesCollectionController.swift; sourceTree = "<group>"; };
		D42DDBF81DCB69A8004AFE69 /* StoryboardRefDemoKit.framework */ = {isa = PBXFileReference; lastKnownFileType = wrapper.framework; name = StoryboardRefDemoKit.framework; path = Carthage/Build/iOS/StoryboardRefDemoKit.framework; sourceTree = "<group>"; };
		D42DDBFB1DCB69BC004AFE69 /* StoryboardRefDemoKit.framework.dSYM */ = {isa = PBXFileReference; lastKnownFileType = wrapper.dsym; name = StoryboardRefDemoKit.framework.dSYM; path = Carthage/Build/iOS/StoryboardRefDemoKit.framework.dSYM; sourceTree = "<group>"; };
		D42DDC051DCB7093004AFE69 /* KitTabBarController.swift */ = {isa = PBXFileReference; fileEncoding = 4; lastKnownFileType = sourcecode.swift; path = KitTabBarController.swift; sourceTree = "<group>"; };
/* End PBXFileReference section */

/* Begin PBXFrameworksBuildPhase section */
		D41566231DC75861009EEC3D /* Frameworks */ = {
			isa = PBXFrameworksBuildPhase;
			buildActionMask = 2147483647;
			files = (
				D415665A1DC75D15009EEC3D /* Fakery.framework in Frameworks */,
				D42DDBF91DCB69A8004AFE69 /* StoryboardRefDemoKit.framework in Frameworks */,
			);
			runOnlyForDeploymentPostprocessing = 0;
		};
		D41566391DC75861009EEC3D /* Frameworks */ = {
			isa = PBXFrameworksBuildPhase;
			buildActionMask = 2147483647;
			files = (
			);
			runOnlyForDeploymentPostprocessing = 0;
		};
		D41566441DC75861009EEC3D /* Frameworks */ = {
			isa = PBXFrameworksBuildPhase;
			buildActionMask = 2147483647;
			files = (
			);
			runOnlyForDeploymentPostprocessing = 0;
		};
/* End PBXFrameworksBuildPhase section */

/* Begin PBXGroup section */
		D415661D1DC75861009EEC3D = {
			isa = PBXGroup;
			children = (
				D41566281DC75861009EEC3D /* StoryboardRefDemo */,
				D41566601DC75E63009EEC3D /* Frameworks */,
				D415663F1DC75861009EEC3D /* StoryboardRefDemoTests */,
				D415664A1DC75861009EEC3D /* StoryboardRefDemoUITests */,
				D41566271DC75861009EEC3D /* Products */,
			);
			sourceTree = "<group>";
		};
		D41566271DC75861009EEC3D /* Products */ = {
			isa = PBXGroup;
			children = (
				D41566261DC75861009EEC3D /* StoryboardRefDemo.app */,
				D415663C1DC75861009EEC3D /* StoryboardRefDemoTests.xctest */,
				D41566471DC75861009EEC3D /* StoryboardRefDemoUITests.xctest */,
			);
			name = Products;
			sourceTree = "<group>";
		};
		D41566281DC75861009EEC3D /* StoryboardRefDemo */ = {
			isa = PBXGroup;
			children = (
				D41566621DC76126009EEC3D /* Model */,
				D41566631DC7612E009EEC3D /* ViewModel */,
				D41566641DC761C5009EEC3D /* UI */,
				D41566711DC772A0009EEC3D /* Extensions */,
				D41566291DC75861009EEC3D /* AppDelegate.swift */,
				D41566321DC75861009EEC3D /* Assets.xcassets */,
				D41566371DC75861009EEC3D /* Info.plist */,
			);
			path = StoryboardRefDemo;
			sourceTree = "<group>";
		};
		D415663F1DC75861009EEC3D /* StoryboardRefDemoTests */ = {
			isa = PBXGroup;
			children = (
				D41566401DC75861009EEC3D /* StoryboardRefDemoTests.swift */,
				D41566421DC75861009EEC3D /* Info.plist */,
			);
			path = StoryboardRefDemoTests;
			sourceTree = "<group>";
		};
		D415664A1DC75861009EEC3D /* StoryboardRefDemoUITests */ = {
			isa = PBXGroup;
			children = (
				D415664B1DC75861009EEC3D /* StoryboardRefDemoUITests.swift */,
				D415664D1DC75861009EEC3D /* Info.plist */,
			);
			path = StoryboardRefDemoUITests;
			sourceTree = "<group>";
		};
		D41566601DC75E63009EEC3D /* Frameworks */ = {
			isa = PBXGroup;
			children = (
				D41566611DC75E9F009EEC3D /* Debugging Symbols */,
				D42DDBF81DCB69A8004AFE69 /* StoryboardRefDemoKit.framework */,
				D41566591DC75D15009EEC3D /* Fakery.framework */,
			);
			name = Frameworks;
			sourceTree = "<group>";
		};
		D41566611DC75E9F009EEC3D /* Debugging Symbols */ = {
			isa = PBXGroup;
			children = (
				D42DDBFB1DCB69BC004AFE69 /* StoryboardRefDemoKit.framework.dSYM */,
				D415665E1DC75D48009EEC3D /* Fakery.framework.dSYM */,
			);
			name = "Debugging Symbols";
			sourceTree = "<group>";
		};
		D41566621DC76126009EEC3D /* Model */ = {
			isa = PBXGroup;
			children = (
				D41566691DC7698A009EEC3D /* Company.swift */,
			);
			name = Model;
			sourceTree = "<group>";
		};
		D41566631DC7612E009EEC3D /* ViewModel */ = {
			isa = PBXGroup;
			children = (
				D41566741DC77BFE009EEC3D /* CompaniesViewModel.swift */,
				D41566761DC77C6E009EEC3D /* PartnersViewModel.swift */,
				D41566781DC77D2F009EEC3D /* ClientsViewModel.swift */,
			);
			name = ViewModel;
			sourceTree = "<group>";
		};
		D41566641DC761C5009EEC3D /* UI */ = {
			isa = PBXGroup;
			children = (
				D415666B1DC76DD5009EEC3D /* Controlls */,
				D41566661DC761E6009EEC3D /* Storyboards */,
				D41566651DC761D4009EEC3D /* ViewControllers */,
			);
			name = UI;
			sourceTree = "<group>";
		};
		D41566651DC761D4009EEC3D /* ViewControllers */ = {
			isa = PBXGroup;
			children = (
				D41566671DC76319009EEC3D /* CompaniesListViewController.swift */,
				D415667A1DC77E0E009EEC3D /* PartnersListViewController.swift */,
				D415667C1DC77F28009EEC3D /* ClientsListViewController.swift */,
				D415662B1DC75861009EEC3D /* CompanyDetailViewController.swift */,
				D41566821DCA7D58009EEC3D /* CollectionsTabBarController.swift */,
				D41566841DCA7D9C009EEC3D /* CompaniesCollectionController.swift */,
				D42DDC051DCB7093004AFE69 /* KitTabBarController.swift */,
			);
			name = ViewControllers;
			sourceTree = "<group>";
		};
		D41566661DC761E6009EEC3D /* Storyboards */ = {
			isa = PBXGroup;
			children = (
				D415662F1DC75861009EEC3D /* Main.storyboard */,
				D415667E1DC78F2A009EEC3D /* Collection.storyboard */,
				D41566341DC75861009EEC3D /* LaunchScreen.storyboard */,
			);
			name = Storyboards;
			sourceTree = "<group>";
		};
		D415666B1DC76DD5009EEC3D /* Controlls */ = {
			isa = PBXGroup;
			children = (
				D415666C1DC76DDB009EEC3D /* Cells */,
			);
			name = Controlls;
			sourceTree = "<group>";
		};
		D415666C1DC76DDB009EEC3D /* Cells */ = {
			isa = PBXGroup;
			children = (
				D415666D1DC76E50009EEC3D /* CompanyListCell.swift */,
				D415666E1DC76E50009EEC3D /* CompanyListCell.xib */,
				D41566801DC79090009EEC3D /* CompanyCollectionCell.swift */,
			);
			name = Cells;
			sourceTree = "<group>";
		};
		D41566711DC772A0009EEC3D /* Extensions */ = {
			isa = PBXGroup;
			children = (
				D41566721DC772B9009EEC3D /* UIImageView.swift */,
			);
			name = Extensions;
			sourceTree = "<group>";
		};
/* End PBXGroup section */

/* Begin PBXNativeTarget section */
		D41566251DC75861009EEC3D /* StoryboardRefDemo */ = {
			isa = PBXNativeTarget;
			buildConfigurationList = D41566501DC75861009EEC3D /* Build configuration list for PBXNativeTarget "StoryboardRefDemo" */;
			buildPhases = (
				D41566221DC75861009EEC3D /* Sources */,
				D41566231DC75861009EEC3D /* Frameworks */,
				D41566241DC75861009EEC3D /* Resources */,
				D415665C1DC75D15009EEC3D /* Embed Frameworks */,
				D415665D1DC75D29009EEC3D /* CopyFiles */,
			);
			buildRules = (
			);
			dependencies = (
			);
			name = StoryboardRefDemo;
			productName = StoryboardRefDemo;
			productReference = D41566261DC75861009EEC3D /* StoryboardRefDemo.app */;
			productType = "com.apple.product-type.application";
		};
		D415663B1DC75861009EEC3D /* StoryboardRefDemoTests */ = {
			isa = PBXNativeTarget;
			buildConfigurationList = D41566531DC75861009EEC3D /* Build configuration list for PBXNativeTarget "StoryboardRefDemoTests" */;
			buildPhases = (
				D41566381DC75861009EEC3D /* Sources */,
				D41566391DC75861009EEC3D /* Frameworks */,
				D415663A1DC75861009EEC3D /* Resources */,
			);
			buildRules = (
			);
			dependencies = (
				D415663E1DC75861009EEC3D /* PBXTargetDependency */,
			);
			name = StoryboardRefDemoTests;
			productName = StoryboardRefDemoTests;
			productReference = D415663C1DC75861009EEC3D /* StoryboardRefDemoTests.xctest */;
			productType = "com.apple.product-type.bundle.unit-test";
		};
		D41566461DC75861009EEC3D /* StoryboardRefDemoUITests */ = {
			isa = PBXNativeTarget;
			buildConfigurationList = D41566561DC75861009EEC3D /* Build configuration list for PBXNativeTarget "StoryboardRefDemoUITests" */;
			buildPhases = (
				D41566431DC75861009EEC3D /* Sources */,
				D41566441DC75861009EEC3D /* Frameworks */,
				D41566451DC75861009EEC3D /* Resources */,
			);
			buildRules = (
			);
			dependencies = (
				D41566491DC75861009EEC3D /* PBXTargetDependency */,
			);
			name = StoryboardRefDemoUITests;
			productName = StoryboardRefDemoUITests;
			productReference = D41566471DC75861009EEC3D /* StoryboardRefDemoUITests.xctest */;
			productType = "com.apple.product-type.bundle.ui-testing";
		};
/* End PBXNativeTarget section */

/* Begin PBXProject section */
		D415661E1DC75861009EEC3D /* Project object */ = {
			isa = PBXProject;
			attributes = {
				LastSwiftUpdateCheck = 0810;
				LastUpgradeCheck = 0810;
				ORGANIZATIONNAME = "Matija Kregar";
				TargetAttributes = {
					D41566251DC75861009EEC3D = {
						CreatedOnToolsVersion = 8.1;
						DevelopmentTeam = 93TVZG5NS7;
						ProvisioningStyle = Automatic;
					};
					D415663B1DC75861009EEC3D = {
						CreatedOnToolsVersion = 8.1;
						DevelopmentTeam = 93TVZG5NS7;
						ProvisioningStyle = Automatic;
						TestTargetID = D41566251DC75861009EEC3D;
					};
					D41566461DC75861009EEC3D = {
						CreatedOnToolsVersion = 8.1;
						DevelopmentTeam = 93TVZG5NS7;
						ProvisioningStyle = Automatic;
						TestTargetID = D41566251DC75861009EEC3D;
					};
				};
			};
			buildConfigurationList = D41566211DC75861009EEC3D /* Build configuration list for PBXProject "StoryboardRefDemo" */;
			compatibilityVersion = "Xcode 3.2";
			developmentRegion = English;
			hasScannedForEncodings = 0;
			knownRegions = (
				en,
				Base,
			);
			mainGroup = D415661D1DC75861009EEC3D;
			productRefGroup = D41566271DC75861009EEC3D /* Products */;
			projectDirPath = "";
			projectRoot = "";
			targets = (
				D41566251DC75861009EEC3D /* StoryboardRefDemo */,
				D415663B1DC75861009EEC3D /* StoryboardRefDemoTests */,
				D41566461DC75861009EEC3D /* StoryboardRefDemoUITests */,
			);
		};
/* End PBXProject section */

/* Begin PBXResourcesBuildPhase section */
		D41566241DC75861009EEC3D /* Resources */ = {
			isa = PBXResourcesBuildPhase;
			buildActionMask = 2147483647;
			files = (
				D41566361DC75861009EEC3D /* LaunchScreen.storyboard in Resources */,
				D41566331DC75861009EEC3D /* Assets.xcassets in Resources */,
				D41566311DC75861009EEC3D /* Main.storyboard in Resources */,
				D42DDBFC1DCB69BC004AFE69 /* StoryboardRefDemoKit.framework.dSYM in Resources */,
				D41566701DC76E50009EEC3D /* CompanyListCell.xib in Resources */,
				D415667F1DC78F2A009EEC3D /* Collection.storyboard in Resources */,
			);
			runOnlyForDeploymentPostprocessing = 0;
		};
		D415663A1DC75861009EEC3D /* Resources */ = {
			isa = PBXResourcesBuildPhase;
			buildActionMask = 2147483647;
			files = (
			);
			runOnlyForDeploymentPostprocessing = 0;
		};
		D41566451DC75861009EEC3D /* Resources */ = {
			isa = PBXResourcesBuildPhase;
			buildActionMask = 2147483647;
			files = (
			);
			runOnlyForDeploymentPostprocessing = 0;
		};
/* End PBXResourcesBuildPhase section */

/* Begin PBXSourcesBuildPhase section */
		D41566221DC75861009EEC3D /* Sources */ = {
			isa = PBXSourcesBuildPhase;
			buildActionMask = 2147483647;
			files = (
				D41566681DC76319009EEC3D /* CompaniesListViewController.swift in Sources */,
				D415667B1DC77E0E009EEC3D /* PartnersListViewController.swift in Sources */,
				D41566751DC77BFE009EEC3D /* CompaniesViewModel.swift in Sources */,
				D415666F1DC76E50009EEC3D /* CompanyListCell.swift in Sources */,
				D415662A1DC75861009EEC3D /* AppDelegate.swift in Sources */,
				D41566811DC79090009EEC3D /* CompanyCollectionCell.swift in Sources */,
				D415662C1DC75861009EEC3D /* CompanyDetailViewController.swift in Sources */,
				D41566851DCA7D9C009EEC3D /* CompaniesCollectionController.swift in Sources */,
				D41566771DC77C6E009EEC3D /* PartnersViewModel.swift in Sources */,
				D41566731DC772B9009EEC3D /* UIImageView.swift in Sources */,
				D42DDC061DCB7093004AFE69 /* KitTabBarController.swift in Sources */,
				D415667D1DC77F28009EEC3D /* ClientsListViewController.swift in Sources */,
				D415666A1DC7698A009EEC3D /* Company.swift in Sources */,
				D41566791DC77D2F009EEC3D /* ClientsViewModel.swift in Sources */,
				D41566831DCA7D58009EEC3D /* CollectionsTabBarController.swift in Sources */,
			);
			runOnlyForDeploymentPostprocessing = 0;
		};
		D41566381DC75861009EEC3D /* Sources */ = {
			isa = PBXSourcesBuildPhase;
			buildActionMask = 2147483647;
			files = (
				D41566411DC75861009EEC3D /* StoryboardRefDemoTests.swift in Sources */,
			);
			runOnlyForDeploymentPostprocessing = 0;
		};
		D41566431DC75861009EEC3D /* Sources */ = {
			isa = PBXSourcesBuildPhase;
			buildActionMask = 2147483647;
			files = (
				D415664C1DC75861009EEC3D /* StoryboardRefDemoUITests.swift in Sources */,
			);
			runOnlyForDeploymentPostprocessing = 0;
		};
/* End PBXSourcesBuildPhase section */

/* Begin PBXTargetDependency section */
		D415663E1DC75861009EEC3D /* PBXTargetDependency */ = {
			isa = PBXTargetDependency;
			target = D41566251DC75861009EEC3D /* StoryboardRefDemo */;
			targetProxy = D415663D1DC75861009EEC3D /* PBXContainerItemProxy */;
		};
		D41566491DC75861009EEC3D /* PBXTargetDependency */ = {
			isa = PBXTargetDependency;
			target = D41566251DC75861009EEC3D /* StoryboardRefDemo */;
			targetProxy = D41566481DC75861009EEC3D /* PBXContainerItemProxy */;
		};
/* End PBXTargetDependency section */

/* Begin PBXVariantGroup section */
		D415662F1DC75861009EEC3D /* Main.storyboard */ = {
			isa = PBXVariantGroup;
			children = (
				D41566301DC75861009EEC3D /* Base */,
			);
			name = Main.storyboard;
			sourceTree = "<group>";
		};
		D41566341DC75861009EEC3D /* LaunchScreen.storyboard */ = {
			isa = PBXVariantGroup;
			children = (
				D41566351DC75861009EEC3D /* Base */,
			);
			name = LaunchScreen.storyboard;
			sourceTree = "<group>";
		};
/* End PBXVariantGroup section */

/* Begin XCBuildConfiguration section */
		D415664E1DC75861009EEC3D /* Debug */ = {
			isa = XCBuildConfiguration;
			buildSettings = {
				ALWAYS_SEARCH_USER_PATHS = NO;
				CLANG_ANALYZER_NONNULL = YES;
				CLANG_CXX_LANGUAGE_STANDARD = "gnu++0x";
				CLANG_CXX_LIBRARY = "libc++";
				CLANG_ENABLE_MODULES = YES;
				CLANG_ENABLE_OBJC_ARC = YES;
				CLANG_WARN_BOOL_CONVERSION = YES;
				CLANG_WARN_CONSTANT_CONVERSION = YES;
				CLANG_WARN_DIRECT_OBJC_ISA_USAGE = YES_ERROR;
				CLANG_WARN_DOCUMENTATION_COMMENTS = YES;
				CLANG_WARN_EMPTY_BODY = YES;
				CLANG_WARN_ENUM_CONVERSION = YES;
				CLANG_WARN_INFINITE_RECURSION = YES;
				CLANG_WARN_INT_CONVERSION = YES;
				CLANG_WARN_OBJC_ROOT_CLASS = YES_ERROR;
				CLANG_WARN_SUSPICIOUS_MOVES = YES;
				CLANG_WARN_UNREACHABLE_CODE = YES;
				CLANG_WARN__DUPLICATE_METHOD_MATCH = YES;
				"CODE_SIGN_IDENTITY[sdk=iphoneos*]" = "iPhone Developer";
				COPY_PHASE_STRIP = NO;
				DEBUG_INFORMATION_FORMAT = dwarf;
				ENABLE_STRICT_OBJC_MSGSEND = YES;
				ENABLE_TESTABILITY = YES;
				GCC_C_LANGUAGE_STANDARD = gnu99;
				GCC_DYNAMIC_NO_PIC = NO;
				GCC_NO_COMMON_BLOCKS = YES;
				GCC_OPTIMIZATION_LEVEL = 0;
				GCC_PREPROCESSOR_DEFINITIONS = (
					"DEBUG=1",
					"$(inherited)",
				);
				GCC_WARN_64_TO_32_BIT_CONVERSION = YES;
				GCC_WARN_ABOUT_RETURN_TYPE = YES_ERROR;
				GCC_WARN_UNDECLARED_SELECTOR = YES;
				GCC_WARN_UNINITIALIZED_AUTOS = YES_AGGRESSIVE;
				GCC_WARN_UNUSED_FUNCTION = YES;
				GCC_WARN_UNUSED_VARIABLE = YES;
				IPHONEOS_DEPLOYMENT_TARGET = 10.1;
				MTL_ENABLE_DEBUG_INFO = YES;
				ONLY_ACTIVE_ARCH = YES;
				SDKROOT = iphoneos;
				SWIFT_ACTIVE_COMPILATION_CONDITIONS = DEBUG;
				SWIFT_OPTIMIZATION_LEVEL = "-Onone";
			};
			name = Debug;
		};
		D415664F1DC75861009EEC3D /* Release */ = {
			isa = XCBuildConfiguration;
			buildSettings = {
				ALWAYS_SEARCH_USER_PATHS = NO;
				CLANG_ANALYZER_NONNULL = YES;
				CLANG_CXX_LANGUAGE_STANDARD = "gnu++0x";
				CLANG_CXX_LIBRARY = "libc++";
				CLANG_ENABLE_MODULES = YES;
				CLANG_ENABLE_OBJC_ARC = YES;
				CLANG_WARN_BOOL_CONVERSION = YES;
				CLANG_WARN_CONSTANT_CONVERSION = YES;
				CLANG_WARN_DIRECT_OBJC_ISA_USAGE = YES_ERROR;
				CLANG_WARN_DOCUMENTATION_COMMENTS = YES;
				CLANG_WARN_EMPTY_BODY = YES;
				CLANG_WARN_ENUM_CONVERSION = YES;
				CLANG_WARN_INFINITE_RECURSION = YES;
				CLANG_WARN_INT_CONVERSION = YES;
				CLANG_WARN_OBJC_ROOT_CLASS = YES_ERROR;
				CLANG_WARN_SUSPICIOUS_MOVES = YES;
				CLANG_WARN_UNREACHABLE_CODE = YES;
				CLANG_WARN__DUPLICATE_METHOD_MATCH = YES;
				"CODE_SIGN_IDENTITY[sdk=iphoneos*]" = "iPhone Developer";
				COPY_PHASE_STRIP = NO;
				DEBUG_INFORMATION_FORMAT = "dwarf-with-dsym";
				ENABLE_NS_ASSERTIONS = NO;
				ENABLE_STRICT_OBJC_MSGSEND = YES;
				GCC_C_LANGUAGE_STANDARD = gnu99;
				GCC_NO_COMMON_BLOCKS = YES;
				GCC_WARN_64_TO_32_BIT_CONVERSION = YES;
				GCC_WARN_ABOUT_RETURN_TYPE = YES_ERROR;
				GCC_WARN_UNDECLARED_SELECTOR = YES;
				GCC_WARN_UNINITIALIZED_AUTOS = YES_AGGRESSIVE;
				GCC_WARN_UNUSED_FUNCTION = YES;
				GCC_WARN_UNUSED_VARIABLE = YES;
				IPHONEOS_DEPLOYMENT_TARGET = 10.1;
				MTL_ENABLE_DEBUG_INFO = NO;
				SDKROOT = iphoneos;
				SWIFT_OPTIMIZATION_LEVEL = "-Owholemodule";
				VALIDATE_PRODUCT = YES;
			};
			name = Release;
		};
		D41566511DC75861009EEC3D /* Debug */ = {
			isa = XCBuildConfiguration;
			buildSettings = {
				ASSETCATALOG_COMPILER_APPICON_NAME = AppIcon;
				DEVELOPMENT_TEAM = 93TVZG5NS7;
				FRAMEWORK_SEARCH_PATHS = (
					"$(inherited)",
					"$(PROJECT_DIR)/Carthage/Build/iOS",
				);
				INFOPLIST_FILE = StoryboardRefDemo/Info.plist;
				LD_RUNPATH_SEARCH_PATHS = "$(inherited) @executable_path/Frameworks";
				PRODUCT_BUNDLE_IDENTIFIER = com.matijakregar.StoryboardRefDemo;
				PRODUCT_NAME = "$(TARGET_NAME)";
				SWIFT_VERSION = 3.0;
			};
			name = Debug;
		};
		D41566521DC75861009EEC3D /* Release */ = {
			isa = XCBuildConfiguration;
			buildSettings = {
				ASSETCATALOG_COMPILER_APPICON_NAME = AppIcon;
				DEVELOPMENT_TEAM = 93TVZG5NS7;
				FRAMEWORK_SEARCH_PATHS = (
					"$(inherited)",
					"$(PROJECT_DIR)/Carthage/Build/iOS",
				);
				INFOPLIST_FILE = StoryboardRefDemo/Info.plist;
				LD_RUNPATH_SEARCH_PATHS = "$(inherited) @executable_path/Frameworks";
				PRODUCT_BUNDLE_IDENTIFIER = com.matijakregar.StoryboardRefDemo;
				PRODUCT_NAME = "$(TARGET_NAME)";
				SWIFT_VERSION = 3.0;
			};
			name = Release;
		};
		D41566541DC75861009EEC3D /* Debug */ = {
			isa = XCBuildConfiguration;
			buildSettings = {
				ALWAYS_EMBED_SWIFT_STANDARD_LIBRARIES = YES;
				BUNDLE_LOADER = "$(TEST_HOST)";
				DEVELOPMENT_TEAM = 93TVZG5NS7;
				INFOPLIST_FILE = StoryboardRefDemoTests/Info.plist;
				LD_RUNPATH_SEARCH_PATHS = "$(inherited) @executable_path/Frameworks @loader_path/Frameworks";
				PRODUCT_BUNDLE_IDENTIFIER = com.matijakregar.StoryboardRefDemoTests;
				PRODUCT_NAME = "$(TARGET_NAME)";
				SWIFT_VERSION = 3.0;
				TEST_HOST = "$(BUILT_PRODUCTS_DIR)/StoryboardRefDemo.app/StoryboardRefDemo";
			};
			name = Debug;
		};
		D41566551DC75861009EEC3D /* Release */ = {
			isa = XCBuildConfiguration;
			buildSettings = {
				ALWAYS_EMBED_SWIFT_STANDARD_LIBRARIES = YES;
				BUNDLE_LOADER = "$(TEST_HOST)";
				DEVELOPMENT_TEAM = 93TVZG5NS7;
				INFOPLIST_FILE = StoryboardRefDemoTests/Info.plist;
				LD_RUNPATH_SEARCH_PATHS = "$(inherited) @executable_path/Frameworks @loader_path/Frameworks";
				PRODUCT_BUNDLE_IDENTIFIER = com.matijakregar.StoryboardRefDemoTests;
				PRODUCT_NAME = "$(TARGET_NAME)";
				SWIFT_VERSION = 3.0;
				TEST_HOST = "$(BUILT_PRODUCTS_DIR)/StoryboardRefDemo.app/StoryboardRefDemo";
			};
			name = Release;
		};
		D41566571DC75861009EEC3D /* Debug */ = {
			isa = XCBuildConfiguration;
			buildSettings = {
				ALWAYS_EMBED_SWIFT_STANDARD_LIBRARIES = YES;
				DEVELOPMENT_TEAM = 93TVZG5NS7;
				INFOPLIST_FILE = StoryboardRefDemoUITests/Info.plist;
				LD_RUNPATH_SEARCH_PATHS = "$(inherited) @executable_path/Frameworks @loader_path/Frameworks";
				PRODUCT_BUNDLE_IDENTIFIER = com.matijakregar.StoryboardRefDemoUITests;
				PRODUCT_NAME = "$(TARGET_NAME)";
				SWIFT_VERSION = 3.0;
				TEST_TARGET_NAME = StoryboardRefDemo;
			};
			name = Debug;
		};
		D41566581DC75861009EEC3D /* Release */ = {
			isa = XCBuildConfiguration;
			buildSettings = {
				ALWAYS_EMBED_SWIFT_STANDARD_LIBRARIES = YES;
				DEVELOPMENT_TEAM = 93TVZG5NS7;
				INFOPLIST_FILE = StoryboardRefDemoUITests/Info.plist;
				LD_RUNPATH_SEARCH_PATHS = "$(inherited) @executable_path/Frameworks @loader_path/Frameworks";
				PRODUCT_BUNDLE_IDENTIFIER = com.matijakregar.StoryboardRefDemoUITests;
				PRODUCT_NAME = "$(TARGET_NAME)";
				SWIFT_VERSION = 3.0;
				TEST_TARGET_NAME = StoryboardRefDemo;
			};
			name = Release;
		};
/* End XCBuildConfiguration section */

/* Begin XCConfigurationList section */
		D41566211DC75861009EEC3D /* Build configuration list for PBXProject "StoryboardRefDemo" */ = {
			isa = XCConfigurationList;
			buildConfigurations = (
				D415664E1DC75861009EEC3D /* Debug */,
				D415664F1DC75861009EEC3D /* Release */,
			);
			defaultConfigurationIsVisible = 0;
			defaultConfigurationName = Release;
		};
		D41566501DC75861009EEC3D /* Build configuration list for PBXNativeTarget "StoryboardRefDemo" */ = {
			isa = XCConfigurationList;
			buildConfigurations = (
				D41566511DC75861009EEC3D /* Debug */,
				D41566521DC75861009EEC3D /* Release */,
			);
			defaultConfigurationIsVisible = 0;
			defaultConfigurationName = Release;
		};
		D41566531DC75861009EEC3D /* Build configuration list for PBXNativeTarget "StoryboardRefDemoTests" */ = {
			isa = XCConfigurationList;
			buildConfigurations = (
				D41566541DC75861009EEC3D /* Debug */,
				D41566551DC75861009EEC3D /* Release */,
			);
			defaultConfigurationIsVisible = 0;
			defaultConfigurationName = Release;
		};
		D41566561DC75861009EEC3D /* Build configuration list for PBXNativeTarget "StoryboardRefDemoUITests" */ = {
			isa = XCConfigurationList;
			buildConfigurations = (
				D41566571DC75861009EEC3D /* Debug */,
				D41566581DC75861009EEC3D /* Release */,
			);
			defaultConfigurationIsVisible = 0;
			defaultConfigurationName = Release;
		};
/* End XCConfigurationList section */
	};
	rootObject = D415661E1DC75861009EEC3D /* Project object */;
}
